// !$*UTF8*$!
{
	archiveVersion = 1;
	classes = {
	};
	objectVersion = 56;
	objects = {

/* Begin PBXBuildFile section */
		6AB816142936478C005146D7 /* XCTestCase+MemoryLeakTracking.swift in Sources */ = {isa = PBXBuildFile; fileRef = 6AB816132936478C005146D7 /* XCTestCase+MemoryLeakTracking.swift */; };
		6AB8161629365CA5005146D7 /* URLSessionHTTPClient.swift in Sources */ = {isa = PBXBuildFile; fileRef = 6AB8161529365CA5005146D7 /* URLSessionHTTPClient.swift */; };
		6ACBC8D22934C1A700948A9E /* URLSessionHTTPClientTests.swift in Sources */ = {isa = PBXBuildFile; fileRef = 6ACBC8D12934C1A700948A9E /* URLSessionHTTPClientTests.swift */; };
		BE3FD125295B0C0500B39AEE /* CacheFeedUseCaseTests.swift in Sources */ = {isa = PBXBuildFile; fileRef = BE3FD124295B0C0500B39AEE /* CacheFeedUseCaseTests.swift */; };
		BE4DC50F2933769C00A81F33 /* EssentialFeed.framework in Frameworks */ = {isa = PBXBuildFile; fileRef = BE4DC5062933769C00A81F33 /* EssentialFeed.framework */; };
		BE4DC51F2933772000A81F33 /* FeedItem.swift in Sources */ = {isa = PBXBuildFile; fileRef = BE4DC51E2933772000A81F33 /* FeedItem.swift */; };
		BE4DC52129337A7C00A81F33 /* FeedLoader.swift in Sources */ = {isa = PBXBuildFile; fileRef = BE4DC52029337A7C00A81F33 /* FeedLoader.swift */; };
		BE4DC52529337D6B00A81F33 /* LoadFeedFromRemoteUseCaseTests.swift in Sources */ = {isa = PBXBuildFile; fileRef = BE4DC52429337D6B00A81F33 /* LoadFeedFromRemoteUseCaseTests.swift */; };
		BE4DC5282933A27100A81F33 /* RemoteFeedLoader.swift in Sources */ = {isa = PBXBuildFile; fileRef = BE4DC5272933A27100A81F33 /* RemoteFeedLoader.swift */; };
		BE4DC52A293408B800A81F33 /* HTTPClient.swift in Sources */ = {isa = PBXBuildFile; fileRef = BE4DC529293408B800A81F33 /* HTTPClient.swift */; };
		BE4DC52C2934091600A81F33 /* FeedItemsMapper.swift in Sources */ = {isa = PBXBuildFile; fileRef = BE4DC52B2934091600A81F33 /* FeedItemsMapper.swift */; };
		BE5E3E72295A382000D834A2 /* XCTestCase+MemoryLeakTracking.swift in Sources */ = {isa = PBXBuildFile; fileRef = 6AB816132936478C005146D7 /* XCTestCase+MemoryLeakTracking.swift */; };
		BE7AEE87295A2F60002CBB68 /* EssentialFeedAPIEndToEndTests.swift in Sources */ = {isa = PBXBuildFile; fileRef = BE7AEE86295A2F60002CBB68 /* EssentialFeedAPIEndToEndTests.swift */; };
		BE7AEE88295A2F60002CBB68 /* EssentialFeed.framework in Frameworks */ = {isa = PBXBuildFile; fileRef = BE4DC5062933769C00A81F33 /* EssentialFeed.framework */; };
/* End PBXBuildFile section */

/* Begin PBXContainerItemProxy section */
		BE4DC5102933769C00A81F33 /* PBXContainerItemProxy */ = {
			isa = PBXContainerItemProxy;
			containerPortal = BE4DC4FD2933769C00A81F33 /* Project object */;
			proxyType = 1;
			remoteGlobalIDString = BE4DC5052933769C00A81F33;
			remoteInfo = EssentialFeed;
		};
		BE7AEE89295A2F60002CBB68 /* PBXContainerItemProxy */ = {
			isa = PBXContainerItemProxy;
			containerPortal = BE4DC4FD2933769C00A81F33 /* Project object */;
			proxyType = 1;
			remoteGlobalIDString = BE4DC5052933769C00A81F33;
			remoteInfo = EssentialFeed;
		};
/* End PBXContainerItemProxy section */

/* Begin PBXFileReference section */
		6AB816132936478C005146D7 /* XCTestCase+MemoryLeakTracking.swift */ = {isa = PBXFileReference; lastKnownFileType = sourcecode.swift; path = "XCTestCase+MemoryLeakTracking.swift"; sourceTree = "<group>"; };
		6AB8161529365CA5005146D7 /* URLSessionHTTPClient.swift */ = {isa = PBXFileReference; lastKnownFileType = sourcecode.swift; path = URLSessionHTTPClient.swift; sourceTree = "<group>"; };
		6ACBC8D12934C1A700948A9E /* URLSessionHTTPClientTests.swift */ = {isa = PBXFileReference; lastKnownFileType = sourcecode.swift; path = URLSessionHTTPClientTests.swift; sourceTree = "<group>"; };
		BE3FD124295B0C0500B39AEE /* CacheFeedUseCaseTests.swift */ = {isa = PBXFileReference; lastKnownFileType = sourcecode.swift; path = CacheFeedUseCaseTests.swift; sourceTree = "<group>"; };
		BE4DC5062933769C00A81F33 /* EssentialFeed.framework */ = {isa = PBXFileReference; explicitFileType = wrapper.framework; includeInIndex = 0; path = EssentialFeed.framework; sourceTree = BUILT_PRODUCTS_DIR; };
		BE4DC50E2933769C00A81F33 /* EssentialFeedTests.xctest */ = {isa = PBXFileReference; explicitFileType = wrapper.cfbundle; includeInIndex = 0; path = EssentialFeedTests.xctest; sourceTree = BUILT_PRODUCTS_DIR; };
		BE4DC51E2933772000A81F33 /* FeedItem.swift */ = {isa = PBXFileReference; lastKnownFileType = sourcecode.swift; path = FeedItem.swift; sourceTree = "<group>"; };
		BE4DC52029337A7C00A81F33 /* FeedLoader.swift */ = {isa = PBXFileReference; lastKnownFileType = sourcecode.swift; path = FeedLoader.swift; sourceTree = "<group>"; };
		BE4DC52429337D6B00A81F33 /* LoadFeedFromRemoteUseCaseTests.swift */ = {isa = PBXFileReference; lastKnownFileType = sourcecode.swift; path = LoadFeedFromRemoteUseCaseTests.swift; sourceTree = "<group>"; };
		BE4DC5272933A27100A81F33 /* RemoteFeedLoader.swift */ = {isa = PBXFileReference; lastKnownFileType = sourcecode.swift; path = RemoteFeedLoader.swift; sourceTree = "<group>"; };
		BE4DC529293408B800A81F33 /* HTTPClient.swift */ = {isa = PBXFileReference; lastKnownFileType = sourcecode.swift; path = HTTPClient.swift; sourceTree = "<group>"; };
		BE4DC52B2934091600A81F33 /* FeedItemsMapper.swift */ = {isa = PBXFileReference; lastKnownFileType = sourcecode.swift; path = FeedItemsMapper.swift; sourceTree = "<group>"; };
		BE7AEE84295A2F60002CBB68 /* EssentialFeedAPIEndToEndTests.xctest */ = {isa = PBXFileReference; explicitFileType = wrapper.cfbundle; includeInIndex = 0; path = EssentialFeedAPIEndToEndTests.xctest; sourceTree = BUILT_PRODUCTS_DIR; };
		BE7AEE86295A2F60002CBB68 /* EssentialFeedAPIEndToEndTests.swift */ = {isa = PBXFileReference; lastKnownFileType = sourcecode.swift; path = EssentialFeedAPIEndToEndTests.swift; sourceTree = "<group>"; };
/* End PBXFileReference section */

/* Begin PBXFrameworksBuildPhase section */
		BE4DC5032933769C00A81F33 /* Frameworks */ = {
			isa = PBXFrameworksBuildPhase;
			buildActionMask = 2147483647;
			files = (
			);
			runOnlyForDeploymentPostprocessing = 0;
		};
		BE4DC50B2933769C00A81F33 /* Frameworks */ = {
			isa = PBXFrameworksBuildPhase;
			buildActionMask = 2147483647;
			files = (
				BE4DC50F2933769C00A81F33 /* EssentialFeed.framework in Frameworks */,
			);
			runOnlyForDeploymentPostprocessing = 0;
		};
		BE7AEE81295A2F60002CBB68 /* Frameworks */ = {
			isa = PBXFrameworksBuildPhase;
			buildActionMask = 2147483647;
			files = (
				BE7AEE88295A2F60002CBB68 /* EssentialFeed.framework in Frameworks */,
			);
			runOnlyForDeploymentPostprocessing = 0;
		};
/* End PBXFrameworksBuildPhase section */

/* Begin PBXGroup section */
		6AB816122936475D005146D7 /* Helpers */ = {
			isa = PBXGroup;
			children = (
				6AB816132936478C005146D7 /* XCTestCase+MemoryLeakTracking.swift */,
			);
			path = Helpers;
			sourceTree = "<group>";
		};
		BE3FD123295B0BB400B39AEE /* Feed Cache */ = {
			isa = PBXGroup;
			children = (
				BE3FD124295B0C0500B39AEE /* CacheFeedUseCaseTests.swift */,
			);
			path = "Feed Cache";
			sourceTree = "<group>";
		};
		BE4DC4FC2933769C00A81F33 = {
			isa = PBXGroup;
			children = (
				BE4DC5082933769C00A81F33 /* EssentialFeed */,
				BE4DC5122933769C00A81F33 /* EssentialFeedTests */,
				BE7AEE85295A2F60002CBB68 /* EssentialFeedAPIEndToEndTests */,
				BE4DC5072933769C00A81F33 /* Products */,
			);
			sourceTree = "<group>";
		};
		BE4DC5072933769C00A81F33 /* Products */ = {
			isa = PBXGroup;
			children = (
				BE4DC5062933769C00A81F33 /* EssentialFeed.framework */,
				BE4DC50E2933769C00A81F33 /* EssentialFeedTests.xctest */,
				BE7AEE84295A2F60002CBB68 /* EssentialFeedAPIEndToEndTests.xctest */,
			);
			name = Products;
			sourceTree = "<group>";
		};
		BE4DC5082933769C00A81F33 /* EssentialFeed */ = {
			isa = PBXGroup;
			children = (
				BE4DC52329337BC600A81F33 /* Feed Feature */,
				BE4DC5262933A25200A81F33 /* Feed API */,
			);
			path = EssentialFeed;
			sourceTree = "<group>";
		};
		BE4DC5122933769C00A81F33 /* EssentialFeedTests */ = {
			isa = PBXGroup;
			children = (
				BE3FD123295B0BB400B39AEE /* Feed Cache */,
				BE4DC52D2934116000A81F33 /* Feed API */,
			);
			path = EssentialFeedTests;
			sourceTree = "<group>";
		};
		BE4DC52329337BC600A81F33 /* Feed Feature */ = {
			isa = PBXGroup;
			children = (
				BE4DC51E2933772000A81F33 /* FeedItem.swift */,
				BE4DC52029337A7C00A81F33 /* FeedLoader.swift */,
			);
			path = "Feed Feature";
			sourceTree = "<group>";
		};
		BE4DC5262933A25200A81F33 /* Feed API */ = {
			isa = PBXGroup;
			children = (
				BE4DC5272933A27100A81F33 /* RemoteFeedLoader.swift */,
				BE4DC52B2934091600A81F33 /* FeedItemsMapper.swift */,
				BE4DC529293408B800A81F33 /* HTTPClient.swift */,
				6AB8161529365CA5005146D7 /* URLSessionHTTPClient.swift */,
			);
			path = "Feed API";
			sourceTree = "<group>";
		};
		BE4DC52D2934116000A81F33 /* Feed API */ = {
			isa = PBXGroup;
			children = (
				6AB816122936475D005146D7 /* Helpers */,
				BE4DC52429337D6B00A81F33 /* LoadFeedFromRemoteUseCaseTests.swift */,
				6ACBC8D12934C1A700948A9E /* URLSessionHTTPClientTests.swift */,
			);
			path = "Feed API";
			sourceTree = "<group>";
		};
		BE7AEE85295A2F60002CBB68 /* EssentialFeedAPIEndToEndTests */ = {
			isa = PBXGroup;
			children = (
				BE7AEE86295A2F60002CBB68 /* EssentialFeedAPIEndToEndTests.swift */,
			);
			path = EssentialFeedAPIEndToEndTests;
			sourceTree = "<group>";
		};
/* End PBXGroup section */

/* Begin PBXHeadersBuildPhase section */
		BE4DC5012933769C00A81F33 /* Headers */ = {
			isa = PBXHeadersBuildPhase;
			buildActionMask = 2147483647;
			files = (
			);
			runOnlyForDeploymentPostprocessing = 0;
		};
/* End PBXHeadersBuildPhase section */

/* Begin PBXNativeTarget section */
		BE4DC5052933769C00A81F33 /* EssentialFeed */ = {
			isa = PBXNativeTarget;
			buildConfigurationList = BE4DC5182933769C00A81F33 /* Build configuration list for PBXNativeTarget "EssentialFeed" */;
			buildPhases = (
				BE4DC5012933769C00A81F33 /* Headers */,
				BE4DC5022933769C00A81F33 /* Sources */,
				BE4DC5032933769C00A81F33 /* Frameworks */,
				BE4DC5042933769C00A81F33 /* Resources */,
			);
			buildRules = (
			);
			dependencies = (
			);
			name = EssentialFeed;
			productName = EssentialFeed;
			productReference = BE4DC5062933769C00A81F33 /* EssentialFeed.framework */;
			productType = "com.apple.product-type.framework";
		};
		BE4DC50D2933769C00A81F33 /* EssentialFeedTests */ = {
			isa = PBXNativeTarget;
			buildConfigurationList = BE4DC51B2933769C00A81F33 /* Build configuration list for PBXNativeTarget "EssentialFeedTests" */;
			buildPhases = (
				BE4DC50A2933769C00A81F33 /* Sources */,
				BE4DC50B2933769C00A81F33 /* Frameworks */,
				BE4DC50C2933769C00A81F33 /* Resources */,
			);
			buildRules = (
			);
			dependencies = (
				BE4DC5112933769C00A81F33 /* PBXTargetDependency */,
			);
			name = EssentialFeedTests;
			productName = EssentialFeedTests;
			productReference = BE4DC50E2933769C00A81F33 /* EssentialFeedTests.xctest */;
			productType = "com.apple.product-type.bundle.unit-test";
		};
		BE7AEE83295A2F60002CBB68 /* EssentialFeedAPIEndToEndTests */ = {
			isa = PBXNativeTarget;
			buildConfigurationList = BE7AEE8D295A2F60002CBB68 /* Build configuration list for PBXNativeTarget "EssentialFeedAPIEndToEndTests" */;
			buildPhases = (
				BE7AEE80295A2F60002CBB68 /* Sources */,
				BE7AEE81295A2F60002CBB68 /* Frameworks */,
				BE7AEE82295A2F60002CBB68 /* Resources */,
			);
			buildRules = (
			);
			dependencies = (
				BE7AEE8A295A2F60002CBB68 /* PBXTargetDependency */,
			);
			name = EssentialFeedAPIEndToEndTests;
			productName = EssentialFeedAPIEndToEndTests;
			productReference = BE7AEE84295A2F60002CBB68 /* EssentialFeedAPIEndToEndTests.xctest */;
			productType = "com.apple.product-type.bundle.unit-test";
		};
/* End PBXNativeTarget section */

/* Begin PBXProject section */
		BE4DC4FD2933769C00A81F33 /* Project object */ = {
			isa = PBXProject;
			attributes = {
				BuildIndependentTargetsInParallel = 1;
				LastSwiftUpdateCheck = 1420;
				LastUpgradeCheck = 1410;
				TargetAttributes = {
					BE4DC5052933769C00A81F33 = {
						CreatedOnToolsVersion = 14.1;
						LastSwiftMigration = 1410;
					};
					BE4DC50D2933769C00A81F33 = {
						CreatedOnToolsVersion = 14.1;
						LastSwiftMigration = 1410;
					};
					BE7AEE83295A2F60002CBB68 = {
						CreatedOnToolsVersion = 14.2;
					};
				};
			};
			buildConfigurationList = BE4DC5002933769C00A81F33 /* Build configuration list for PBXProject "EssentialFeed" */;
			compatibilityVersion = "Xcode 14.0";
			developmentRegion = en;
			hasScannedForEncodings = 0;
			knownRegions = (
				en,
				Base,
			);
			mainGroup = BE4DC4FC2933769C00A81F33;
			productRefGroup = BE4DC5072933769C00A81F33 /* Products */;
			projectDirPath = "";
			projectRoot = "";
			targets = (
				BE4DC5052933769C00A81F33 /* EssentialFeed */,
				BE4DC50D2933769C00A81F33 /* EssentialFeedTests */,
				BE7AEE83295A2F60002CBB68 /* EssentialFeedAPIEndToEndTests */,
			);
		};
/* End PBXProject section */

/* Begin PBXResourcesBuildPhase section */
		BE4DC5042933769C00A81F33 /* Resources */ = {
			isa = PBXResourcesBuildPhase;
			buildActionMask = 2147483647;
			files = (
			);
			runOnlyForDeploymentPostprocessing = 0;
		};
		BE4DC50C2933769C00A81F33 /* Resources */ = {
			isa = PBXResourcesBuildPhase;
			buildActionMask = 2147483647;
			files = (
			);
			runOnlyForDeploymentPostprocessing = 0;
		};
		BE7AEE82295A2F60002CBB68 /* Resources */ = {
			isa = PBXResourcesBuildPhase;
			buildActionMask = 2147483647;
			files = (
			);
			runOnlyForDeploymentPostprocessing = 0;
		};
/* End PBXResourcesBuildPhase section */

/* Begin PBXSourcesBuildPhase section */
		BE4DC5022933769C00A81F33 /* Sources */ = {
			isa = PBXSourcesBuildPhase;
			buildActionMask = 2147483647;
			files = (
				BE4DC52C2934091600A81F33 /* FeedItemsMapper.swift in Sources */,
				BE4DC52129337A7C00A81F33 /* FeedLoader.swift in Sources */,
				BE4DC5282933A27100A81F33 /* RemoteFeedLoader.swift in Sources */,
				BE4DC52A293408B800A81F33 /* HTTPClient.swift in Sources */,
				BE4DC51F2933772000A81F33 /* FeedItem.swift in Sources */,
				6AB8161629365CA5005146D7 /* URLSessionHTTPClient.swift in Sources */,
			);
			runOnlyForDeploymentPostprocessing = 0;
		};
		BE4DC50A2933769C00A81F33 /* Sources */ = {
			isa = PBXSourcesBuildPhase;
			buildActionMask = 2147483647;
			files = (
				BE4DC52529337D6B00A81F33 /* LoadFeedFromRemoteUseCaseTests.swift in Sources */,
				6ACBC8D22934C1A700948A9E /* URLSessionHTTPClientTests.swift in Sources */,
				BE3FD125295B0C0500B39AEE /* CacheFeedUseCaseTests.swift in Sources */,
				6AB816142936478C005146D7 /* XCTestCase+MemoryLeakTracking.swift in Sources */,
			);
			runOnlyForDeploymentPostprocessing = 0;
		};
		BE7AEE80295A2F60002CBB68 /* Sources */ = {
			isa = PBXSourcesBuildPhase;
			buildActionMask = 2147483647;
			files = (
				BE7AEE87295A2F60002CBB68 /* EssentialFeedAPIEndToEndTests.swift in Sources */,
				BE5E3E72295A382000D834A2 /* XCTestCase+MemoryLeakTracking.swift in Sources */,
			);
			runOnlyForDeploymentPostprocessing = 0;
		};
/* End PBXSourcesBuildPhase section */

/* Begin PBXTargetDependency section */
		BE4DC5112933769C00A81F33 /* PBXTargetDependency */ = {
			isa = PBXTargetDependency;
			target = BE4DC5052933769C00A81F33 /* EssentialFeed */;
			targetProxy = BE4DC5102933769C00A81F33 /* PBXContainerItemProxy */;
		};
		BE7AEE8A295A2F60002CBB68 /* PBXTargetDependency */ = {
			isa = PBXTargetDependency;
			target = BE4DC5052933769C00A81F33 /* EssentialFeed */;
			targetProxy = BE7AEE89295A2F60002CBB68 /* PBXContainerItemProxy */;
		};
/* End PBXTargetDependency section */

/* Begin XCBuildConfiguration section */
		BE4DC5162933769C00A81F33 /* Debug */ = {
			isa = XCBuildConfiguration;
			buildSettings = {
				ALWAYS_SEARCH_USER_PATHS = NO;
				CLANG_ANALYZER_NONNULL = YES;
				CLANG_ANALYZER_NUMBER_OBJECT_CONVERSION = YES_AGGRESSIVE;
				CLANG_CXX_LANGUAGE_STANDARD = "gnu++20";
				CLANG_ENABLE_MODULES = YES;
				CLANG_ENABLE_OBJC_ARC = YES;
				CLANG_ENABLE_OBJC_WEAK = YES;
				CLANG_WARN_BLOCK_CAPTURE_AUTORELEASING = YES;
				CLANG_WARN_BOOL_CONVERSION = YES;
				CLANG_WARN_COMMA = YES;
				CLANG_WARN_CONSTANT_CONVERSION = YES;
				CLANG_WARN_DEPRECATED_OBJC_IMPLEMENTATIONS = YES;
				CLANG_WARN_DIRECT_OBJC_ISA_USAGE = YES_ERROR;
				CLANG_WARN_DOCUMENTATION_COMMENTS = YES;
				CLANG_WARN_EMPTY_BODY = YES;
				CLANG_WARN_ENUM_CONVERSION = YES;
				CLANG_WARN_INFINITE_RECURSION = YES;
				CLANG_WARN_INT_CONVERSION = YES;
				CLANG_WARN_NON_LITERAL_NULL_CONVERSION = YES;
				CLANG_WARN_OBJC_IMPLICIT_RETAIN_SELF = YES;
				CLANG_WARN_OBJC_LITERAL_CONVERSION = YES;
				CLANG_WARN_OBJC_ROOT_CLASS = YES_ERROR;
				CLANG_WARN_QUOTED_INCLUDE_IN_FRAMEWORK_HEADER = YES;
				CLANG_WARN_RANGE_LOOP_ANALYSIS = YES;
				CLANG_WARN_STRICT_PROTOTYPES = YES;
				CLANG_WARN_SUSPICIOUS_MOVE = YES;
				CLANG_WARN_UNGUARDED_AVAILABILITY = YES_AGGRESSIVE;
				CLANG_WARN_UNREACHABLE_CODE = YES;
				CLANG_WARN__DUPLICATE_METHOD_MATCH = YES;
				COPY_PHASE_STRIP = NO;
				CURRENT_PROJECT_VERSION = 1;
				DEBUG_INFORMATION_FORMAT = dwarf;
				ENABLE_STRICT_OBJC_MSGSEND = YES;
				ENABLE_TESTABILITY = YES;
				GCC_C_LANGUAGE_STANDARD = gnu11;
				GCC_DYNAMIC_NO_PIC = NO;
				GCC_NO_COMMON_BLOCKS = YES;
				GCC_OPTIMIZATION_LEVEL = 0;
				GCC_PREPROCESSOR_DEFINITIONS = (
					"DEBUG=1",
					"$(inherited)",
				);
				GCC_WARN_64_TO_32_BIT_CONVERSION = YES;
				GCC_WARN_ABOUT_RETURN_TYPE = YES_ERROR;
				GCC_WARN_UNDECLARED_SELECTOR = YES;
				GCC_WARN_UNINITIALIZED_AUTOS = YES_AGGRESSIVE;
				GCC_WARN_UNUSED_FUNCTION = YES;
				GCC_WARN_UNUSED_VARIABLE = YES;
				MACOSX_DEPLOYMENT_TARGET = 13.0;
				MTL_ENABLE_DEBUG_INFO = INCLUDE_SOURCE;
				MTL_FAST_MATH = YES;
				ONLY_ACTIVE_ARCH = YES;
				SDKROOT = macosx;
				SWIFT_ACTIVE_COMPILATION_CONDITIONS = DEBUG;
				SWIFT_OPTIMIZATION_LEVEL = "-Onone";
				VERSIONING_SYSTEM = "apple-generic";
				VERSION_INFO_PREFIX = "";
			};
			name = Debug;
		};
		BE4DC5172933769C00A81F33 /* Release */ = {
			isa = XCBuildConfiguration;
			buildSettings = {
				ALWAYS_SEARCH_USER_PATHS = NO;
				CLANG_ANALYZER_NONNULL = YES;
				CLANG_ANALYZER_NUMBER_OBJECT_CONVERSION = YES_AGGRESSIVE;
				CLANG_CXX_LANGUAGE_STANDARD = "gnu++20";
				CLANG_ENABLE_MODULES = YES;
				CLANG_ENABLE_OBJC_ARC = YES;
				CLANG_ENABLE_OBJC_WEAK = YES;
				CLANG_WARN_BLOCK_CAPTURE_AUTORELEASING = YES;
				CLANG_WARN_BOOL_CONVERSION = YES;
				CLANG_WARN_COMMA = YES;
				CLANG_WARN_CONSTANT_CONVERSION = YES;
				CLANG_WARN_DEPRECATED_OBJC_IMPLEMENTATIONS = YES;
				CLANG_WARN_DIRECT_OBJC_ISA_USAGE = YES_ERROR;
				CLANG_WARN_DOCUMENTATION_COMMENTS = YES;
				CLANG_WARN_EMPTY_BODY = YES;
				CLANG_WARN_ENUM_CONVERSION = YES;
				CLANG_WARN_INFINITE_RECURSION = YES;
				CLANG_WARN_INT_CONVERSION = YES;
				CLANG_WARN_NON_LITERAL_NULL_CONVERSION = YES;
				CLANG_WARN_OBJC_IMPLICIT_RETAIN_SELF = YES;
				CLANG_WARN_OBJC_LITERAL_CONVERSION = YES;
				CLANG_WARN_OBJC_ROOT_CLASS = YES_ERROR;
				CLANG_WARN_QUOTED_INCLUDE_IN_FRAMEWORK_HEADER = YES;
				CLANG_WARN_RANGE_LOOP_ANALYSIS = YES;
				CLANG_WARN_STRICT_PROTOTYPES = YES;
				CLANG_WARN_SUSPICIOUS_MOVE = YES;
				CLANG_WARN_UNGUARDED_AVAILABILITY = YES_AGGRESSIVE;
				CLANG_WARN_UNREACHABLE_CODE = YES;
				CLANG_WARN__DUPLICATE_METHOD_MATCH = YES;
				COPY_PHASE_STRIP = NO;
				CURRENT_PROJECT_VERSION = 1;
				DEBUG_INFORMATION_FORMAT = "dwarf-with-dsym";
				ENABLE_NS_ASSERTIONS = NO;
				ENABLE_STRICT_OBJC_MSGSEND = YES;
				GCC_C_LANGUAGE_STANDARD = gnu11;
				GCC_NO_COMMON_BLOCKS = YES;
				GCC_WARN_64_TO_32_BIT_CONVERSION = YES;
				GCC_WARN_ABOUT_RETURN_TYPE = YES_ERROR;
				GCC_WARN_UNDECLARED_SELECTOR = YES;
				GCC_WARN_UNINITIALIZED_AUTOS = YES_AGGRESSIVE;
				GCC_WARN_UNUSED_FUNCTION = YES;
				GCC_WARN_UNUSED_VARIABLE = YES;
				MACOSX_DEPLOYMENT_TARGET = 13.0;
				MTL_ENABLE_DEBUG_INFO = NO;
				MTL_FAST_MATH = YES;
				SDKROOT = macosx;
				SWIFT_COMPILATION_MODE = wholemodule;
				SWIFT_OPTIMIZATION_LEVEL = "-O";
				VERSIONING_SYSTEM = "apple-generic";
				VERSION_INFO_PREFIX = "";
			};
			name = Release;
		};
		BE4DC5192933769C00A81F33 /* Debug */ = {
			isa = XCBuildConfiguration;
			buildSettings = {
				CLANG_ENABLE_MODULES = YES;
				CODE_SIGN_STYLE = Automatic;
				COMBINE_HIDPI_IMAGES = YES;
				CURRENT_PROJECT_VERSION = 1;
				DEFINES_MODULE = YES;
				DEVELOPMENT_TEAM = DV4M5VPD3C;
				DYLIB_COMPATIBILITY_VERSION = 1;
				DYLIB_CURRENT_VERSION = 1;
				DYLIB_INSTALL_NAME_BASE = "@rpath";
				GENERATE_INFOPLIST_FILE = YES;
				INFOPLIST_KEY_NSHumanReadableCopyright = "";
				INSTALL_PATH = "$(LOCAL_LIBRARY_DIR)/Frameworks";
				LD_RUNPATH_SEARCH_PATHS = (
					"$(inherited)",
					"@executable_path/../Frameworks",
					"@loader_path/Frameworks",
				);
				MARKETING_VERSION = 1.0;
				PRODUCT_BUNDLE_IDENTIFIER = com.tszlung.EssentialFeed;
				PRODUCT_NAME = "$(TARGET_NAME:c99extidentifier)";
				SKIP_INSTALL = YES;
				SWIFT_EMIT_LOC_STRINGS = YES;
				SWIFT_OPTIMIZATION_LEVEL = "-Onone";
				SWIFT_VERSION = 5.0;
			};
			name = Debug;
		};
		BE4DC51A2933769C00A81F33 /* Release */ = {
			isa = XCBuildConfiguration;
			buildSettings = {
				CLANG_ENABLE_MODULES = YES;
				CODE_SIGN_STYLE = Automatic;
				COMBINE_HIDPI_IMAGES = YES;
				CURRENT_PROJECT_VERSION = 1;
				DEFINES_MODULE = YES;
				DEVELOPMENT_TEAM = DV4M5VPD3C;
				DYLIB_COMPATIBILITY_VERSION = 1;
				DYLIB_CURRENT_VERSION = 1;
				DYLIB_INSTALL_NAME_BASE = "@rpath";
				GENERATE_INFOPLIST_FILE = YES;
				INFOPLIST_KEY_NSHumanReadableCopyright = "";
				INSTALL_PATH = "$(LOCAL_LIBRARY_DIR)/Frameworks";
				LD_RUNPATH_SEARCH_PATHS = (
					"$(inherited)",
					"@executable_path/../Frameworks",
					"@loader_path/Frameworks",
				);
				MARKETING_VERSION = 1.0;
				PRODUCT_BUNDLE_IDENTIFIER = com.tszlung.EssentialFeed;
				PRODUCT_NAME = "$(TARGET_NAME:c99extidentifier)";
				SKIP_INSTALL = YES;
				SWIFT_EMIT_LOC_STRINGS = YES;
				SWIFT_VERSION = 5.0;
			};
			name = Release;
		};
		BE4DC51C2933769C00A81F33 /* Debug */ = {
			isa = XCBuildConfiguration;
			buildSettings = {
				ALWAYS_EMBED_SWIFT_STANDARD_LIBRARIES = YES;
				CLANG_ENABLE_MODULES = YES;
				CODE_SIGN_STYLE = Automatic;
				CURRENT_PROJECT_VERSION = 1;
				DEVELOPMENT_TEAM = DV4M5VPD3C;
				GENERATE_INFOPLIST_FILE = YES;
				LD_RUNPATH_SEARCH_PATHS = (
					"$(inherited)",
					"@executable_path/../Frameworks",
					"@loader_path/../Frameworks",
				);
				MARKETING_VERSION = 1.0;
				PRODUCT_BUNDLE_IDENTIFIER = com.tszlung.EssentialFeedTests;
				PRODUCT_NAME = "$(TARGET_NAME)";
				SWIFT_EMIT_LOC_STRINGS = NO;
				SWIFT_OPTIMIZATION_LEVEL = "-Onone";
				SWIFT_VERSION = 5.0;
			};
			name = Debug;
		};
		BE4DC51D2933769C00A81F33 /* Release */ = {
			isa = XCBuildConfiguration;
			buildSettings = {
				ALWAYS_EMBED_SWIFT_STANDARD_LIBRARIES = YES;
				CLANG_ENABLE_MODULES = YES;
				CODE_SIGN_STYLE = Automatic;
				CURRENT_PROJECT_VERSION = 1;
				DEVELOPMENT_TEAM = DV4M5VPD3C;
				GENERATE_INFOPLIST_FILE = YES;
				LD_RUNPATH_SEARCH_PATHS = (
					"$(inherited)",
					"@executable_path/../Frameworks",
					"@loader_path/../Frameworks",
				);
				MARKETING_VERSION = 1.0;
				PRODUCT_BUNDLE_IDENTIFIER = com.tszlung.EssentialFeedTests;
				PRODUCT_NAME = "$(TARGET_NAME)";
				SWIFT_EMIT_LOC_STRINGS = NO;
				SWIFT_VERSION = 5.0;
			};
			name = Release;
		};
		BE7AEE8B295A2F60002CBB68 /* Debug */ = {
			isa = XCBuildConfiguration;
			buildSettings = {
				CODE_SIGN_STYLE = Automatic;
				CURRENT_PROJECT_VERSION = 1;
				DEVELOPMENT_TEAM = DV4M5VPD3C;
				GENERATE_INFOPLIST_FILE = YES;
				MACOSX_DEPLOYMENT_TARGET = 13.0;
				MARKETING_VERSION = 1.0;
				PRODUCT_BUNDLE_IDENTIFIER = com.tszlung.EssentialFeedAPIEndToEndTests;
				PRODUCT_NAME = "$(TARGET_NAME)";
				SWIFT_EMIT_LOC_STRINGS = NO;
				SWIFT_VERSION = 5.0;
			};
			name = Debug;
		};
		BE7AEE8C295A2F60002CBB68 /* Release */ = {
			isa = XCBuildConfiguration;
			buildSettings = {
				CODE_SIGN_STYLE = Automatic;
				CURRENT_PROJECT_VERSION = 1;
				DEVELOPMENT_TEAM = DV4M5VPD3C;
				GENERATE_INFOPLIST_FILE = YES;
				MACOSX_DEPLOYMENT_TARGET = 13.0;
				MARKETING_VERSION = 1.0;
				PRODUCT_BUNDLE_IDENTIFIER = com.tszlung.EssentialFeedAPIEndToEndTests;
				PRODUCT_NAME = "$(TARGET_NAME)";
				SWIFT_EMIT_LOC_STRINGS = NO;
				SWIFT_VERSION = 5.0;
			};
			name = Release;
		};
/* End XCBuildConfiguration section */

/* Begin XCConfigurationList section */
		BE4DC5002933769C00A81F33 /* Build configuration list for PBXProject "EssentialFeed" */ = {
			isa = XCConfigurationList;
			buildConfigurations = (
				BE4DC5162933769C00A81F33 /* Debug */,
				BE4DC5172933769C00A81F33 /* Release */,
			);
			defaultConfigurationIsVisible = 0;
			defaultConfigurationName = Release;
		};
		BE4DC5182933769C00A81F33 /* Build configuration list for PBXNativeTarget "EssentialFeed" */ = {
			isa = XCConfigurationList;
			buildConfigurations = (
				BE4DC5192933769C00A81F33 /* Debug */,
				BE4DC51A2933769C00A81F33 /* Release */,
			);
			defaultConfigurationIsVisible = 0;
			defaultConfigurationName = Release;
		};
		BE4DC51B2933769C00A81F33 /* Build configuration list for PBXNativeTarget "EssentialFeedTests" */ = {
			isa = XCConfigurationList;
			buildConfigurations = (
				BE4DC51C2933769C00A81F33 /* Debug */,
				BE4DC51D2933769C00A81F33 /* Release */,
			);
			defaultConfigurationIsVisible = 0;
			defaultConfigurationName = Release;
		};
		BE7AEE8D295A2F60002CBB68 /* Build configuration list for PBXNativeTarget "EssentialFeedAPIEndToEndTests" */ = {
			isa = XCConfigurationList;
			buildConfigurations = (
				BE7AEE8B295A2F60002CBB68 /* Debug */,
				BE7AEE8C295A2F60002CBB68 /* Release */,
			);
			defaultConfigurationIsVisible = 0;
			defaultConfigurationName = Release;
		};
/* End XCConfigurationList section */
	};
	rootObject = BE4DC4FD2933769C00A81F33 /* Project object */;
}
